// !$*UTF8*$!
{
	archiveVersion = 1;
	classes = {
	};
	objectVersion = 46;
	objects = {

/* Begin PBXBuildFile section */
		1A1F9A66E65B671E2AE14DD7 /* libPods-GMapApp.a in Frameworks */ = {isa = PBXBuildFile; fileRef = 5F5A2EC6B7322277031003CC /* libPods-GMapApp.a */; };
		3F39993C1EF3BA370055FEB9 /* main.m in Sources */ = {isa = PBXBuildFile; fileRef = 3F39993B1EF3BA370055FEB9 /* main.m */; };
		3F39993F1EF3BA370055FEB9 /* AppDelegate.m in Sources */ = {isa = PBXBuildFile; fileRef = 3F39993E1EF3BA370055FEB9 /* AppDelegate.m */; };
		3F3999421EF3BA370055FEB9 /* ViewController.m in Sources */ = {isa = PBXBuildFile; fileRef = 3F3999411EF3BA370055FEB9 /* ViewController.m */; };
		3F3999451EF3BA370055FEB9 /* Main.storyboard in Resources */ = {isa = PBXBuildFile; fileRef = 3F3999431EF3BA370055FEB9 /* Main.storyboard */; };
		3F3999471EF3BA370055FEB9 /* Assets.xcassets in Resources */ = {isa = PBXBuildFile; fileRef = 3F3999461EF3BA370055FEB9 /* Assets.xcassets */; };
		3F39994A1EF3BA370055FEB9 /* LaunchScreen.storyboard in Resources */ = {isa = PBXBuildFile; fileRef = 3F3999481EF3BA370055FEB9 /* LaunchScreen.storyboard */; };
/* End PBXBuildFile section */

/* Begin PBXFileReference section */
		3F3999371EF3BA370055FEB9 /* GMapApp.app */ = {isa = PBXFileReference; explicitFileType = wrapper.application; includeInIndex = 0; path = GMapApp.app; sourceTree = BUILT_PRODUCTS_DIR; };
		3F39993B1EF3BA370055FEB9 /* main.m */ = {isa = PBXFileReference; lastKnownFileType = sourcecode.c.objc; path = main.m; sourceTree = "<group>"; };
		3F39993D1EF3BA370055FEB9 /* AppDelegate.h */ = {isa = PBXFileReference; lastKnownFileType = sourcecode.c.h; path = AppDelegate.h; sourceTree = "<group>"; };
		3F39993E1EF3BA370055FEB9 /* AppDelegate.m */ = {isa = PBXFileReference; lastKnownFileType = sourcecode.c.objc; path = AppDelegate.m; sourceTree = "<group>"; };
		3F3999401EF3BA370055FEB9 /* ViewController.h */ = {isa = PBXFileReference; lastKnownFileType = sourcecode.c.h; path = ViewController.h; sourceTree = "<group>"; };
		3F3999411EF3BA370055FEB9 /* ViewController.m */ = {isa = PBXFileReference; lastKnownFileType = sourcecode.c.objc; path = ViewController.m; sourceTree = "<group>"; };
		3F3999441EF3BA370055FEB9 /* Base */ = {isa = PBXFileReference; lastKnownFileType = file.storyboard; name = Base; path = Base.lproj/Main.storyboard; sourceTree = "<group>"; };
		3F3999461EF3BA370055FEB9 /* Assets.xcassets */ = {isa = PBXFileReference; lastKnownFileType = folder.assetcatalog; path = Assets.xcassets; sourceTree = "<group>"; };
		3F3999491EF3BA370055FEB9 /* Base */ = {isa = PBXFileReference; lastKnownFileType = file.storyboard; name = Base; path = Base.lproj/LaunchScreen.storyboard; sourceTree = "<group>"; };
		3F39994B1EF3BA370055FEB9 /* Info.plist */ = {isa = PBXFileReference; lastKnownFileType = text.plist.xml; path = Info.plist; sourceTree = "<group>"; };
		5F5A2EC6B7322277031003CC /* libPods-GMapApp.a */ = {isa = PBXFileReference; explicitFileType = archive.ar; includeInIndex = 0; path = "libPods-GMapApp.a"; sourceTree = BUILT_PRODUCTS_DIR; };
		A501A2C9CD173ECD802DB932 /* Pods-GMapApp.release.xcconfig */ = {isa = PBXFileReference; includeInIndex = 1; lastKnownFileType = text.xcconfig; name = "Pods-GMapApp.release.xcconfig"; path = "Pods/Target Support Files/Pods-GMapApp/Pods-GMapApp.release.xcconfig"; sourceTree = "<group>"; };
		AF2C2572D6492A62925CD3C6 /* Pods-GMapApp.debug.xcconfig */ = {isa = PBXFileReference; includeInIndex = 1; lastKnownFileType = text.xcconfig; name = "Pods-GMapApp.debug.xcconfig"; path = "Pods/Target Support Files/Pods-GMapApp/Pods-GMapApp.debug.xcconfig"; sourceTree = "<group>"; };
/* End PBXFileReference section */

/* Begin PBXFrameworksBuildPhase section */
		3F3999341EF3BA370055FEB9 /* Frameworks */ = {
			isa = PBXFrameworksBuildPhase;
			buildActionMask = 2147483647;
			files = (
				1A1F9A66E65B671E2AE14DD7 /* libPods-GMapApp.a in Frameworks */,
			);
			runOnlyForDeploymentPostprocessing = 0;
		};
/* End PBXFrameworksBuildPhase section */

/* Begin PBXGroup section */
		00C913F5A048C28D8F6E0948 /* Pods */ = {
			isa = PBXGroup;
			children = (
				AF2C2572D6492A62925CD3C6 /* Pods-GMapApp.debug.xcconfig */,
				A501A2C9CD173ECD802DB932 /* Pods-GMapApp.release.xcconfig */,
			);
			name = Pods;
			sourceTree = "<group>";
		};
		3F39992E1EF3BA370055FEB9 = {
			isa = PBXGroup;
			children = (
				3F3999391EF3BA370055FEB9 /* GMapApp */,
				3F3999381EF3BA370055FEB9 /* Products */,
				00C913F5A048C28D8F6E0948 /* Pods */,
				DAA7B44CA2B55D37781CD0A7 /* Frameworks */,
			);
			sourceTree = "<group>";
		};
		3F3999381EF3BA370055FEB9 /* Products */ = {
			isa = PBXGroup;
			children = (
				3F3999371EF3BA370055FEB9 /* GMapApp.app */,
			);
			name = Products;
			sourceTree = "<group>";
		};
		3F3999391EF3BA370055FEB9 /* GMapApp */ = {
			isa = PBXGroup;
			children = (
				3F39993D1EF3BA370055FEB9 /* AppDelegate.h */,
				3F39993E1EF3BA370055FEB9 /* AppDelegate.m */,
				3F3999401EF3BA370055FEB9 /* ViewController.h */,
				3F3999411EF3BA370055FEB9 /* ViewController.m */,
				3F3999431EF3BA370055FEB9 /* Main.storyboard */,
				3F3999461EF3BA370055FEB9 /* Assets.xcassets */,
				3F3999481EF3BA370055FEB9 /* LaunchScreen.storyboard */,
				3F39994B1EF3BA370055FEB9 /* Info.plist */,
				3F39993A1EF3BA370055FEB9 /* Supporting Files */,
			);
			path = GMapApp;
			sourceTree = "<group>";
		};
		3F39993A1EF3BA370055FEB9 /* Supporting Files */ = {
			isa = PBXGroup;
			children = (
				3F39993B1EF3BA370055FEB9 /* main.m */,
			);
			name = "Supporting Files";
			sourceTree = "<group>";
		};
		DAA7B44CA2B55D37781CD0A7 /* Frameworks */ = {
			isa = PBXGroup;
			children = (
				5F5A2EC6B7322277031003CC /* libPods-GMapApp.a */,
			);
			name = Frameworks;
			sourceTree = "<group>";
		};
/* End PBXGroup section */

/* Begin PBXNativeTarget section */
		3F3999361EF3BA370055FEB9 /* GMapApp */ = {
			isa = PBXNativeTarget;
			buildConfigurationList = 3F39994E1EF3BA370055FEB9 /* Build configuration list for PBXNativeTarget "GMapApp" */;
			buildPhases = (
				D3A10C1D13DED4934C3A6A5D /* [CP] Check Pods Manifest.lock */,
				3F3999331EF3BA370055FEB9 /* Sources */,
				3F3999341EF3BA370055FEB9 /* Frameworks */,
				3F3999351EF3BA370055FEB9 /* Resources */,
				A9FACA0A9A27522A195A65D8 /* [CP] Embed Pods Frameworks */,
				DC5F05AEE523451E07988F57 /* [CP] Copy Pods Resources */,
			);
			buildRules = (
			);
			dependencies = (
			);
			name = GMapApp;
			productName = GMapApp;
			productReference = 3F3999371EF3BA370055FEB9 /* GMapApp.app */;
			productType = "com.apple.product-type.application";
		};
/* End PBXNativeTarget section */

/* Begin PBXProject section */
		3F39992F1EF3BA370055FEB9 /* Project object */ = {
			isa = PBXProject;
			attributes = {
				LastUpgradeCheck = 0820;
				ORGANIZATIONNAME = student;
				TargetAttributes = {
					3F3999361EF3BA370055FEB9 = {
						CreatedOnToolsVersion = 8.2.1;
						ProvisioningStyle = Automatic;
					};
				};
			};
			buildConfigurationList = 3F3999321EF3BA370055FEB9 /* Build configuration list for PBXProject "GMapApp" */;
			compatibilityVersion = "Xcode 3.2";
			developmentRegion = English;
			hasScannedForEncodings = 0;
			knownRegions = (
				en,
				Base,
			);
			mainGroup = 3F39992E1EF3BA370055FEB9;
			productRefGroup = 3F3999381EF3BA370055FEB9 /* Products */;
			projectDirPath = "";
			projectRoot = "";
			targets = (
				3F3999361EF3BA370055FEB9 /* GMapApp */,
			);
		};
/* End PBXProject section */

/* Begin PBXResourcesBuildPhase section */
		3F3999351EF3BA370055FEB9 /* Resources */ = {
			isa = PBXResourcesBuildPhase;
			buildActionMask = 2147483647;
			files = (
				3F39994A1EF3BA370055FEB9 /* LaunchScreen.storyboard in Resources */,
				3F3999471EF3BA370055FEB9 /* Assets.xcassets in Resources */,
				3F3999451EF3BA370055FEB9 /* Main.storyboard in Resources */,
			);
			runOnlyForDeploymentPostprocessing = 0;
		};
/* End PBXResourcesBuildPhase section */

/* Begin PBXShellScriptBuildPhase section */
		A9FACA0A9A27522A195A65D8 /* [CP] Embed Pods Frameworks */ = {
			isa = PBXShellScriptBuildPhase;
			buildActionMask = 2147483647;
			files = (
			);
			inputPaths = (
			);
			name = "[CP] Embed Pods Frameworks";
			outputPaths = (
			);
			runOnlyForDeploymentPostprocessing = 0;
			shellPath = /bin/sh;
			shellScript = "\"${SRCROOT}/Pods/Target Support Files/Pods-GMapApp/Pods-GMapApp-frameworks.sh\"\n";
			showEnvVarsInLog = 0;
		};
		D3A10C1D13DED4934C3A6A5D /* [CP] Check Pods Manifest.lock */ = {
			isa = PBXShellScriptBuildPhase;
			buildActionMask = 2147483647;
			files = (
			);
			inputPaths = (
			);
			name = "[CP] Check Pods Manifest.lock";
			outputPaths = (
			);
			runOnlyForDeploymentPostprocessing = 0;
			shellPath = /bin/sh;
			shellScript = "diff \"${PODS_PODFILE_DIR_PATH}/Podfile.lock\" \"${PODS_ROOT}/Manifest.lock\" > /dev/null\nif [ $? != 0 ] ; then\n    # print error to STDERR\n    echo \"error: The sandbox is not in sync with the Podfile.lock. Run 'pod install' or update your CocoaPods installation.\" >&2\n    exit 1\nfi\n";
			showEnvVarsInLog = 0;
		};
		DC5F05AEE523451E07988F57 /* [CP] Copy Pods Resources */ = {
			isa = PBXShellScriptBuildPhase;
			buildActionMask = 2147483647;
			files = (
			);
			inputPaths = (
			);
			name = "[CP] Copy Pods Resources";
			outputPaths = (
			);
			runOnlyForDeploymentPostprocessing = 0;
			shellPath = /bin/sh;
			shellScript = "\"${SRCROOT}/Pods/Target Support Files/Pods-GMapApp/Pods-GMapApp-resources.sh\"\n";
			showEnvVarsInLog = 0;
		};
/* End PBXShellScriptBuildPhase section */

/* Begin PBXSourcesBuildPhase section */
		3F3999331EF3BA370055FEB9 /* Sources */ = {
			isa = PBXSourcesBuildPhase;
			buildActionMask = 2147483647;
			files = (
				3F3999421EF3BA370055FEB9 /* ViewController.m in Sources */,
				3F39993F1EF3BA370055FEB9 /* AppDelegate.m in Sources */,
				3F39993C1EF3BA370055FEB9 /* main.m in Sources */,
			);
			runOnlyForDeploymentPostprocessing = 0;
		};
/* End PBXSourcesBuildPhase section */

/* Begin PBXVariantGroup section */
		3F3999431EF3BA370055FEB9 /* Main.storyboard */ = {
			isa = PBXVariantGroup;
			children = (
				3F3999441EF3BA370055FEB9 /* Base */,
			);
			name = Main.storyboard;
			sourceTree = "<group>";
		};
		3F3999481EF3BA370055FEB9 /* LaunchScreen.storyboard */ = {
			isa = PBXVariantGroup;
			children = (
				3F3999491EF3BA370055FEB9 /* Base */,
			);
			name = LaunchScreen.storyboard;
			sourceTree = "<group>";
		};
/* End PBXVariantGroup section */

/* Begin XCBuildConfiguration section */
		3F39994C1EF3BA370055FEB9 /* Debug */ = {
			isa = XCBuildConfiguration;
			buildSettings = {
				ALWAYS_SEARCH_USER_PATHS = NO;
				CLANG_ANALYZER_NONNULL = YES;
				CLANG_CXX_LANGUAGE_STANDARD = "gnu++0x";
				CLANG_CXX_LIBRARY = "libc++";
				CLANG_ENABLE_MODULES = YES;
				CLANG_ENABLE_OBJC_ARC = YES;
				CLANG_WARN_BOOL_CONVERSION = YES;
				CLANG_WARN_CONSTANT_CONVERSION = YES;
				CLANG_WARN_DIRECT_OBJC_ISA_USAGE = YES_ERROR;
				CLANG_WARN_DOCUMENTATION_COMMENTS = YES;
				CLANG_WARN_EMPTY_BODY = YES;
				CLANG_WARN_ENUM_CONVERSION = YES;
				CLANG_WARN_INFINITE_RECURSION = YES;
				CLANG_WARN_INT_CONVERSION = YES;
				CLANG_WARN_OBJC_ROOT_CLASS = YES_ERROR;
				CLANG_WARN_SUSPICIOUS_MOVE = YES;
				CLANG_WARN_UNREACHABLE_CODE = YES;
				CLANG_WARN__DUPLICATE_METHOD_MATCH = YES;
				"CODE_SIGN_IDENTITY[sdk=iphoneos*]" = "iPhone Developer";
				COPY_PHASE_STRIP = NO;
				DEBUG_INFORMATION_FORMAT = dwarf;
				ENABLE_STRICT_OBJC_MSGSEND = YES;
				ENABLE_TESTABILITY = YES;
				GCC_C_LANGUAGE_STANDARD = gnu99;
				GCC_DYNAMIC_NO_PIC = NO;
				GCC_NO_COMMON_BLOCKS = YES;
				GCC_OPTIMIZATION_LEVEL = 0;
				GCC_PREPROCESSOR_DEFINITIONS = (
					"DEBUG=1",
					"$(inherited)",
				);
				GCC_WARN_64_TO_32_BIT_CONVERSION = YES;
				GCC_WARN_ABOUT_RETURN_TYPE = YES_ERROR;
				GCC_WARN_UNDECLARED_SELECTOR = YES;
				GCC_WARN_UNINITIALIZED_AUTOS = YES_AGGRESSIVE;
				GCC_WARN_UNUSED_FUNCTION = YES;
				GCC_WARN_UNUSED_VARIABLE = YES;
				IPHONEOS_DEPLOYMENT_TARGET = 10.2;
				MTL_ENABLE_DEBUG_INFO = YES;
				ONLY_ACTIVE_ARCH = YES;
				SDKROOT = iphoneos;
			};
			name = Debug;
		};
		3F39994D1EF3BA370055FEB9 /* Release */ = {
			isa = XCBuildConfiguration;
			buildSettings = {
				ALWAYS_SEARCH_USER_PATHS = NO;
				CLANG_ANALYZER_NONNULL = YES;
				CLANG_CXX_LANGUAGE_STANDARD = "gnu++0x";
				CLANG_CXX_LIBRARY = "libc++";
				CLANG_ENABLE_MODULES = YES;
				CLANG_ENABLE_OBJC_ARC = YES;
				CLANG_WARN_BOOL_CONVERSION = YES;
				CLANG_WARN_CONSTANT_CONVERSION = YES;
				CLANG_WARN_DIRECT_OBJC_ISA_USAGE = YES_ERROR;
				CLANG_WARN_DOCUMENTATION_COMMENTS = YES;
				CLANG_WARN_EMPTY_BODY = YES;
				CLANG_WARN_ENUM_CONVERSION = YES;
				CLANG_WARN_INFINITE_RECURSION = YES;
				CLANG_WARN_INT_CONVERSION = YES;
				CLANG_WARN_OBJC_ROOT_CLASS = YES_ERROR;
				CLANG_WARN_SUSPICIOUS_MOVE = YES;
				CLANG_WARN_UNREACHABLE_CODE = YES;
				CLANG_WARN__DUPLICATE_METHOD_MATCH = YES;
				"CODE_SIGN_IDENTITY[sdk=iphoneos*]" = "iPhone Developer";
				COPY_PHASE_STRIP = NO;
				DEBUG_INFORMATION_FORMAT = "dwarf-with-dsym";
				ENABLE_NS_ASSERTIONS = NO;
				ENABLE_STRICT_OBJC_MSGSEND = YES;
				GCC_C_LANGUAGE_STANDARD = gnu99;
				GCC_NO_COMMON_BLOCKS = YES;
				GCC_WARN_64_TO_32_BIT_CONVERSION = YES;
				GCC_WARN_ABOUT_RETURN_TYPE = YES_ERROR;
				GCC_WARN_UNDECLARED_SELECTOR = YES;
				GCC_WARN_UNINITIALIZED_AUTOS = YES_AGGRESSIVE;
				GCC_WARN_UNUSED_FUNCTION = YES;
				GCC_WARN_UNUSED_VARIABLE = YES;
				IPHONEOS_DEPLOYMENT_TARGET = 10.2;
				MTL_ENABLE_DEBUG_INFO = NO;
				SDKROOT = iphoneos;
				VALIDATE_PRODUCT = YES;
			};
			name = Release;
		};
		3F39994F1EF3BA370055FEB9 /* Debug */ = {
			isa = XCBuildConfiguration;
			baseConfigurationReference = AF2C2572D6492A62925CD3C6 /* Pods-GMapApp.debug.xcconfig */;
			buildSettings = {
				ASSETCATALOG_COMPILER_APPICON_NAME = AppIcon;
				INFOPLIST_FILE = GMapApp/Info.plist;
				LD_RUNPATH_SEARCH_PATHS = "$(inherited) @executable_path/Frameworks";
				PRODUCT_BUNDLE_IDENTIFIER = sa.GMapApp;
				PRODUCT_NAME = "$(TARGET_NAME)";
			};
			name = Debug;
		};
		3F3999501EF3BA370055FEB9 /* Release */ = {
			isa = XCBuildConfiguration;
			baseConfigurationReference = A501A2C9CD173ECD802DB932 /* Pods-GMapApp.release.xcconfig */;
			buildSettings = {
				ASSETCATALOG_COMPILER_APPICON_NAME = AppIcon;
				INFOPLIST_FILE = GMapApp/Info.plist;
				LD_RUNPATH_SEARCH_PATHS = "$(inherited) @executable_path/Frameworks";
				PRODUCT_BUNDLE_IDENTIFIER = sa.GMapApp;
				PRODUCT_NAME = "$(TARGET_NAME)";
			};
			name = Release;
		};
/* End XCBuildConfiguration section */

/* Begin XCConfigurationList section */
		3F3999321EF3BA370055FEB9 /* Build configuration list for PBXProject "GMapApp" */ = {
			isa = XCConfigurationList;
			buildConfigurations = (
				3F39994C1EF3BA370055FEB9 /* Debug */,
				3F39994D1EF3BA370055FEB9 /* Release */,
			);
			defaultConfigurationIsVisible = 0;
			defaultConfigurationName = Release;
		};
		3F39994E1EF3BA370055FEB9 /* Build configuration list for PBXNativeTarget "GMapApp" */ = {
			isa = XCConfigurationList;
			buildConfigurations = (
				3F39994F1EF3BA370055FEB9 /* Debug */,
				3F3999501EF3BA370055FEB9 /* Release */,
			);
			defaultConfigurationIsVisible = 0;
		};
/* End XCConfigurationList section */
	};
	rootObject = 3F39992F1EF3BA370055FEB9 /* Project object */;
}
